// !$*UTF8*$!
{
	archiveVersion = 1;
	classes = {
	};
	objectVersion = 77;
	objects = {

/* Begin PBXBuildFile section */
		AB0D333E2D57747E008AA9B4 /* SDWebImageSwiftUI in Frameworks */ = {isa = PBXBuildFile; productRef = AB0D333D2D57747E008AA9B4 /* SDWebImageSwiftUI */; };
		AB43D1E22D59096F003D39E3 /* Extensions.swift in Sources */ = {isa = PBXBuildFile; fileRef = AB43D1C92D59096F003D39E3 /* Extensions.swift */; };
		AB43D1E32D59096F003D39E3 /* PetViewModel.swift in Sources */ = {isa = PBXBuildFile; fileRef = AB43D1D02D59096F003D39E3 /* PetViewModel.swift */; };
		AB43D1E42D59096F003D39E3 /* ResultViewModel.swift in Sources */ = {isa = PBXBuildFile; fileRef = AB43D1D12D59096F003D39E3 /* ResultViewModel.swift */; };
		AB43D1E52D59096F003D39E3 /* SettingsViewModel.swift in Sources */ = {isa = PBXBuildFile; fileRef = AB43D1D22D59096F003D39E3 /* SettingsViewModel.swift */; };
		AB43D1E62D59096F003D39E3 /* TranslatorViewModel.swift in Sources */ = {isa = PBXBuildFile; fileRef = AB43D1D32D59096F003D39E3 /* TranslatorViewModel.swift */; };
		AB43D1E72D59096F003D39E3 /* HumanView.swift in Sources */ = {isa = PBXBuildFile; fileRef = AB43D1D52D59096F003D39E3 /* HumanView.swift */; };
		AB43D1E82D59096F003D39E3 /* MainView.swift in Sources */ = {isa = PBXBuildFile; fileRef = AB43D1D62D59096F003D39E3 /* MainView.swift */; };
		AB43D1E92D59096F003D39E3 /* PetView.swift in Sources */ = {isa = PBXBuildFile; fileRef = AB43D1D72D59096F003D39E3 /* PetView.swift */; };
		AB43D1EA2D59096F003D39E3 /* ResultView.swift in Sources */ = {isa = PBXBuildFile; fileRef = AB43D1D82D59096F003D39E3 /* ResultView.swift */; };
		AB43D1EC2D59096F003D39E3 /* LinkButtonView.swift in Sources */ = {isa = PBXBuildFile; fileRef = AB43D1DA2D59096F003D39E3 /* LinkButtonView.swift */; };
		AB43D1ED2D59096F003D39E3 /* SettingsView.swift in Sources */ = {isa = PBXBuildFile; fileRef = AB43D1DB2D59096F003D39E3 /* SettingsView.swift */; };
		AB43D1EE2D59096F003D39E3 /* TabBarView.swift in Sources */ = {isa = PBXBuildFile; fileRef = AB43D1DC2D59096F003D39E3 /* TabBarView.swift */; };
		AB43D1EF2D59096F003D39E3 /* TranslatorView.swift in Sources */ = {isa = PBXBuildFile; fileRef = AB43D1DD2D59096F003D39E3 /* TranslatorView.swift */; };
		AB43D1F02D59096F003D39E3 /* TranslatorTestApp.swift in Sources */ = {isa = PBXBuildFile; fileRef = AB43D1E12D59096F003D39E3 /* TranslatorTestApp.swift */; };
		AB43D1F12D59096F003D39E3 /* Preview Assets.xcassets in Resources */ = {isa = PBXBuildFile; fileRef = AB43D1CB2D59096F003D39E3 /* Preview Assets.xcassets */; };
		AB43D1F22D59096F003D39E3 /* Assets.xcassets in Resources */ = {isa = PBXBuildFile; fileRef = AB43D1CD2D59096F003D39E3 /* Assets.xcassets */; };
		AB43D1F32D59096F003D39E3 /* recording.gif in Resources */ = {isa = PBXBuildFile; fileRef = AB43D1CE2D59096F003D39E3 /* recording.gif */; };
		AB43D2EC2D5B3679003D39E3 /* ModelData.swift in Sources */ = {isa = PBXBuildFile; fileRef = AB43D2EB2D5B3679003D39E3 /* ModelData.swift */; };
		AB43D2EE2D5B5F74003D39E3 /* ItemModel.swift in Sources */ = {isa = PBXBuildFile; fileRef = AB43D2ED2D5B5F74003D39E3 /* ItemModel.swift */; };
		AB43D3192D5BA98E003D39E3 /* ChangeSpeakScreenView.swift in Sources */ = {isa = PBXBuildFile; fileRef = AB43D3182D5BA98E003D39E3 /* ChangeSpeakScreenView.swift */; };
		AB4AB5CA2D5CEFB90050B398 /* RecordingButtonView.swift in Sources */ = {isa = PBXBuildFile; fileRef = AB4AB5C92D5CEFB90050B398 /* RecordingButtonView.swift */; };
		AB4AB5CE2D5D08DB0050B398 /* RecordingViewModel.swift in Sources */ = {isa = PBXBuildFile; fileRef = AB4AB5CD2D5D08DB0050B398 /* RecordingViewModel.swift */; };
		AB4AB5D02D5D24210050B398 /* Color.swift in Sources */ = {isa = PBXBuildFile; fileRef = AB4AB5CF2D5D24210050B398 /* Color.swift */; };
		AB4AB5D22D5D401C0050B398 /* Image.swift in Sources */ = {isa = PBXBuildFile; fileRef = AB4AB5D12D5D401C0050B398 /* Image.swift */; };
		AB866F6B2D5C0C100091EE44 /* translatorData.json in Resources */ = {isa = PBXBuildFile; fileRef = AB866F6A2D5C0C100091EE44 /* translatorData.json */; };
		AB866F6F2D5CA6240091EE44 /* ToolBarButton.swift in Sources */ = {isa = PBXBuildFile; fileRef = AB866F6E2D5CA6240091EE44 /* ToolBarButton.swift */; };
/* End PBXBuildFile section */

/* Begin PBXFileReference section */
		AB43D1C92D59096F003D39E3 /* Extensions.swift */ = {isa = PBXFileReference; lastKnownFileType = sourcecode.swift; path = Extensions.swift; sourceTree = "<group>"; };
		AB43D1CB2D59096F003D39E3 /* Preview Assets.xcassets */ = {isa = PBXFileReference; lastKnownFileType = folder.assetcatalog; path = "Preview Assets.xcassets"; sourceTree = "<group>"; };
		AB43D1CD2D59096F003D39E3 /* Assets.xcassets */ = {isa = PBXFileReference; lastKnownFileType = folder.assetcatalog; path = Assets.xcassets; sourceTree = "<group>"; };
		AB43D1CE2D59096F003D39E3 /* recording.gif */ = {isa = PBXFileReference; lastKnownFileType = image.gif; path = recording.gif; sourceTree = "<group>"; };
		AB43D1D02D59096F003D39E3 /* PetViewModel.swift */ = {isa = PBXFileReference; lastKnownFileType = sourcecode.swift; path = PetViewModel.swift; sourceTree = "<group>"; };
		AB43D1D12D59096F003D39E3 /* ResultViewModel.swift */ = {isa = PBXFileReference; lastKnownFileType = sourcecode.swift; path = ResultViewModel.swift; sourceTree = "<group>"; };
		AB43D1D22D59096F003D39E3 /* SettingsViewModel.swift */ = {isa = PBXFileReference; lastKnownFileType = sourcecode.swift; path = SettingsViewModel.swift; sourceTree = "<group>"; };
		AB43D1D32D59096F003D39E3 /* TranslatorViewModel.swift */ = {isa = PBXFileReference; lastKnownFileType = sourcecode.swift; path = TranslatorViewModel.swift; sourceTree = "<group>"; };
		AB43D1D52D59096F003D39E3 /* HumanView.swift */ = {isa = PBXFileReference; lastKnownFileType = sourcecode.swift; path = HumanView.swift; sourceTree = "<group>"; };
		AB43D1D62D59096F003D39E3 /* MainView.swift */ = {isa = PBXFileReference; lastKnownFileType = sourcecode.swift; path = MainView.swift; sourceTree = "<group>"; };
		AB43D1D72D59096F003D39E3 /* PetView.swift */ = {isa = PBXFileReference; lastKnownFileType = sourcecode.swift; path = PetView.swift; sourceTree = "<group>"; };
		AB43D1D82D59096F003D39E3 /* ResultView.swift */ = {isa = PBXFileReference; lastKnownFileType = sourcecode.swift; path = ResultView.swift; sourceTree = "<group>"; };
		AB43D1DA2D59096F003D39E3 /* LinkButtonView.swift */ = {isa = PBXFileReference; lastKnownFileType = sourcecode.swift; path = LinkButtonView.swift; sourceTree = "<group>"; };
		AB43D1DB2D59096F003D39E3 /* SettingsView.swift */ = {isa = PBXFileReference; lastKnownFileType = sourcecode.swift; path = SettingsView.swift; sourceTree = "<group>"; };
		AB43D1DC2D59096F003D39E3 /* TabBarView.swift */ = {isa = PBXFileReference; lastKnownFileType = sourcecode.swift; path = TabBarView.swift; sourceTree = "<group>"; };
		AB43D1DD2D59096F003D39E3 /* TranslatorView.swift */ = {isa = PBXFileReference; lastKnownFileType = sourcecode.swift; path = TranslatorView.swift; sourceTree = "<group>"; };
		AB43D1DF2D59096F003D39E3 /* Info.plist */ = {isa = PBXFileReference; lastKnownFileType = text.plist.xml; path = Info.plist; sourceTree = "<group>"; };
		AB43D1E02D59096F003D39E3 /* TranslatorTest.entitlements */ = {isa = PBXFileReference; lastKnownFileType = text.plist.entitlements; path = TranslatorTest.entitlements; sourceTree = "<group>"; };
		AB43D1E12D59096F003D39E3 /* TranslatorTestApp.swift */ = {isa = PBXFileReference; lastKnownFileType = sourcecode.swift; path = TranslatorTestApp.swift; sourceTree = "<group>"; };
		AB43D2EB2D5B3679003D39E3 /* ModelData.swift */ = {isa = PBXFileReference; lastKnownFileType = sourcecode.swift; path = ModelData.swift; sourceTree = "<group>"; };
		AB43D2ED2D5B5F74003D39E3 /* ItemModel.swift */ = {isa = PBXFileReference; lastKnownFileType = sourcecode.swift; path = ItemModel.swift; sourceTree = "<group>"; };
		AB43D3182D5BA98E003D39E3 /* ChangeSpeakScreenView.swift */ = {isa = PBXFileReference; lastKnownFileType = sourcecode.swift; path = ChangeSpeakScreenView.swift; sourceTree = "<group>"; };
		AB4AB5C92D5CEFB90050B398 /* RecordingButtonView.swift */ = {isa = PBXFileReference; lastKnownFileType = sourcecode.swift; path = RecordingButtonView.swift; sourceTree = "<group>"; };
		AB4AB5CD2D5D08DB0050B398 /* RecordingViewModel.swift */ = {isa = PBXFileReference; lastKnownFileType = sourcecode.swift; path = RecordingViewModel.swift; sourceTree = "<group>"; };
		AB4AB5CF2D5D24210050B398 /* Color.swift */ = {isa = PBXFileReference; lastKnownFileType = sourcecode.swift; path = Color.swift; sourceTree = "<group>"; };
		AB4AB5D12D5D401C0050B398 /* Image.swift */ = {isa = PBXFileReference; lastKnownFileType = sourcecode.swift; path = Image.swift; sourceTree = "<group>"; };
		AB866F6A2D5C0C100091EE44 /* translatorData.json */ = {isa = PBXFileReference; lastKnownFileType = text.json; path = translatorData.json; sourceTree = "<group>"; };
		AB866F6E2D5CA6240091EE44 /* ToolBarButton.swift */ = {isa = PBXFileReference; lastKnownFileType = sourcecode.swift; path = ToolBarButton.swift; sourceTree = "<group>"; };
		ABB9120A2D5617130004C0C4 /* TranslatorTest.app */ = {isa = PBXFileReference; explicitFileType = wrapper.application; includeInIndex = 0; path = TranslatorTest.app; sourceTree = BUILT_PRODUCTS_DIR; };
/* End PBXFileReference section */

/* Begin PBXFrameworksBuildPhase section */
		ABB912072D5617130004C0C4 /* Frameworks */ = {
			isa = PBXFrameworksBuildPhase;
			buildActionMask = 2147483647;
			files = (
				AB0D333E2D57747E008AA9B4 /* SDWebImageSwiftUI in Frameworks */,
			);
			runOnlyForDeploymentPostprocessing = 0;
		};
/* End PBXFrameworksBuildPhase section */

/* Begin PBXGroup section */
		AB43D1F82D590B4F003D39E3 /* TranslatorTest */ = {
			isa = PBXGroup;
			children = (
				AB43D1E12D59096F003D39E3 /* TranslatorTestApp.swift */,
				AB43D1FD2D590B86003D39E3 /* Models */,
				AB43D2032D590BAC003D39E3 /* ViewModels */,
				AB43D2042D590BAC003D39E3 /* Views */,
				AB43D30E2D5B76CE003D39E3 /* CustomViews */,
				AB43D1FC2D590B82003D39E3 /* Others */,
				AB43D2092D5A0467003D39E3 /* PreviewContent */,
				AB43D2022D590BAB003D39E3 /* Resources */,
				AB43D1DF2D59096F003D39E3 /* Info.plist */,
				AB43D1E02D59096F003D39E3 /* TranslatorTest.entitlements */,
			);
			path = TranslatorTest;
			sourceTree = "<group>";
		};
		AB43D1FC2D590B82003D39E3 /* Others */ = {
			isa = PBXGroup;
			children = (
				AB43D1C92D59096F003D39E3 /* Extensions.swift */,
				AB4AB5CF2D5D24210050B398 /* Color.swift */,
				AB4AB5D12D5D401C0050B398 /* Image.swift */,
			);
			path = Others;
			sourceTree = "<group>";
		};
		AB43D1FD2D590B86003D39E3 /* Models */ = {
			isa = PBXGroup;
			children = (
				AB43D2EB2D5B3679003D39E3 /* ModelData.swift */,
				AB43D2ED2D5B5F74003D39E3 /* ItemModel.swift */,
			);
			path = Models;
			sourceTree = "<group>";
		};
		AB43D2022D590BAB003D39E3 /* Resources */ = {
			isa = PBXGroup;
			children = (
				AB866F6A2D5C0C100091EE44 /* translatorData.json */,
				AB43D1CD2D59096F003D39E3 /* Assets.xcassets */,
				AB43D1CE2D59096F003D39E3 /* recording.gif */,
			);
			path = Resources;
			sourceTree = "<group>";
		};
		AB43D2032D590BAC003D39E3 /* ViewModels */ = {
			isa = PBXGroup;
			children = (
				AB43D1D02D59096F003D39E3 /* PetViewModel.swift */,
				AB43D1D12D59096F003D39E3 /* ResultViewModel.swift */,
				AB43D1D32D59096F003D39E3 /* TranslatorViewModel.swift */,
				AB43D1D22D59096F003D39E3 /* SettingsViewModel.swift */,
				AB4AB5CD2D5D08DB0050B398 /* RecordingViewModel.swift */,
			);
			path = ViewModels;
			sourceTree = "<group>";
		};
		AB43D2042D590BAC003D39E3 /* Views */ = {
			isa = PBXGroup;
			children = (
				AB43D30F2D5B9165003D39E3 /* TranslatorScreen */,
				AB43D3102D5B91AA003D39E3 /* SettingsScreen */,
				AB43D1D62D59096F003D39E3 /* MainView.swift */,
				AB43D1DC2D59096F003D39E3 /* TabBarView.swift */,
			);
			path = Views;
			sourceTree = "<group>";
		};
		AB43D2092D5A0467003D39E3 /* PreviewContent */ = {
			isa = PBXGroup;
			children = (
				AB43D1CB2D59096F003D39E3 /* Preview Assets.xcassets */,
			);
			path = PreviewContent;
			sourceTree = "<group>";
		};
		AB43D30E2D5B76CE003D39E3 /* CustomViews */ = {
			isa = PBXGroup;
			children = (
			);
			path = CustomViews;
			sourceTree = "<group>";
		};
		AB43D30F2D5B9165003D39E3 /* TranslatorScreen */ = {
			isa = PBXGroup;
			children = (
				AB43D1DD2D59096F003D39E3 /* TranslatorView.swift */,
				AB43D1D52D59096F003D39E3 /* HumanView.swift */,
				AB43D1D72D59096F003D39E3 /* PetView.swift */,
				AB43D3182D5BA98E003D39E3 /* ChangeSpeakScreenView.swift */,
				AB43D1D82D59096F003D39E3 /* ResultView.swift */,
				AB4AB5C92D5CEFB90050B398 /* RecordingButtonView.swift */,
			);
			path = TranslatorScreen;
			sourceTree = "<group>";
		};
		AB43D3102D5B91AA003D39E3 /* SettingsScreen */ = {
			isa = PBXGroup;
			children = (
				AB43D1DB2D59096F003D39E3 /* SettingsView.swift */,
				AB43D1DA2D59096F003D39E3 /* LinkButtonView.swift */,
				AB866F6E2D5CA6240091EE44 /* ToolBarButton.swift */,
			);
			path = SettingsScreen;
			sourceTree = "<group>";
		};
		ABB912012D5617130004C0C4 = {
			isa = PBXGroup;
			children = (
				AB43D1F82D590B4F003D39E3 /* TranslatorTest */,
				ABB9120B2D5617130004C0C4 /* Products */,
			);
			sourceTree = "<group>";
		};
		ABB9120B2D5617130004C0C4 /* Products */ = {
			isa = PBXGroup;
			children = (
				ABB9120A2D5617130004C0C4 /* TranslatorTest.app */,
			);
			name = Products;
			sourceTree = "<group>";
		};
/* End PBXGroup section */

/* Begin PBXNativeTarget section */
		ABB912092D5617130004C0C4 /* TranslatorTest */ = {
			isa = PBXNativeTarget;
			buildConfigurationList = ABB912192D5617150004C0C4 /* Build configuration list for PBXNativeTarget "TranslatorTest" */;
			buildPhases = (
				ABB912062D5617130004C0C4 /* Sources */,
				ABB912072D5617130004C0C4 /* Frameworks */,
				ABB912082D5617130004C0C4 /* Resources */,
			);
			buildRules = (
			);
			dependencies = (
			);
			name = TranslatorTest;
			packageProductDependencies = (
				AB0D333D2D57747E008AA9B4 /* SDWebImageSwiftUI */,
			);
			productName = TranslatorTest;
			productReference = ABB9120A2D5617130004C0C4 /* TranslatorTest.app */;
			productType = "com.apple.product-type.application";
		};
/* End PBXNativeTarget section */

/* Begin PBXProject section */
		ABB912022D5617130004C0C4 /* Project object */ = {
			isa = PBXProject;
			attributes = {
				BuildIndependentTargetsInParallel = 1;
				LastSwiftUpdateCheck = 1620;
				LastUpgradeCheck = 1620;
				TargetAttributes = {
					ABB912092D5617130004C0C4 = {
						CreatedOnToolsVersion = 16.2;
					};
				};
			};
			buildConfigurationList = ABB912052D5617130004C0C4 /* Build configuration list for PBXProject "TranslatorTest" */;
			developmentRegion = en;
			hasScannedForEncodings = 0;
			knownRegions = (
				en,
				Base,
			);
			mainGroup = ABB912012D5617130004C0C4;
			minimizedProjectReferenceProxies = 1;
			packageReferences = (
				AB0D333C2D57747E008AA9B4 /* XCRemoteSwiftPackageReference "SDWebImageSwiftUI" */,
			);
			preferredProjectObjectVersion = 77;
			productRefGroup = ABB9120B2D5617130004C0C4 /* Products */;
			projectDirPath = "";
			projectRoot = "";
			targets = (
				ABB912092D5617130004C0C4 /* TranslatorTest */,
			);
		};
/* End PBXProject section */

/* Begin PBXResourcesBuildPhase section */
		ABB912082D5617130004C0C4 /* Resources */ = {
			isa = PBXResourcesBuildPhase;
			buildActionMask = 2147483647;
			files = (
				AB43D1F12D59096F003D39E3 /* Preview Assets.xcassets in Resources */,
				AB866F6B2D5C0C100091EE44 /* translatorData.json in Resources */,
				AB43D1F22D59096F003D39E3 /* Assets.xcassets in Resources */,
				AB43D1F32D59096F003D39E3 /* recording.gif in Resources */,
			);
			runOnlyForDeploymentPostprocessing = 0;
		};
/* End PBXResourcesBuildPhase section */

/* Begin PBXSourcesBuildPhase section */
		ABB912062D5617130004C0C4 /* Sources */ = {
			isa = PBXSourcesBuildPhase;
			buildActionMask = 2147483647;
			files = (
				AB43D3192D5BA98E003D39E3 /* ChangeSpeakScreenView.swift in Sources */,
				AB43D2EE2D5B5F74003D39E3 /* ItemModel.swift in Sources */,
				AB4AB5D02D5D24210050B398 /* Color.swift in Sources */,
				AB43D1E22D59096F003D39E3 /* Extensions.swift in Sources */,
				AB43D1E32D59096F003D39E3 /* PetViewModel.swift in Sources */,
				AB43D1E42D59096F003D39E3 /* ResultViewModel.swift in Sources */,
				AB43D1E52D59096F003D39E3 /* SettingsViewModel.swift in Sources */,
				AB43D1E62D59096F003D39E3 /* TranslatorViewModel.swift in Sources */,
				AB43D2EC2D5B3679003D39E3 /* ModelData.swift in Sources */,
				AB4AB5D22D5D401C0050B398 /* Image.swift in Sources */,
				AB43D1E72D59096F003D39E3 /* HumanView.swift in Sources */,
				AB43D1E82D59096F003D39E3 /* MainView.swift in Sources */,
				AB4AB5CA2D5CEFB90050B398 /* RecordingButtonView.swift in Sources */,
				AB43D1E92D59096F003D39E3 /* PetView.swift in Sources */,
				AB43D1EA2D59096F003D39E3 /* ResultView.swift in Sources */,
				AB43D1EC2D59096F003D39E3 /* LinkButtonView.swift in Sources */,
				AB43D1ED2D59096F003D39E3 /* SettingsView.swift in Sources */,
				AB866F6F2D5CA6240091EE44 /* ToolBarButton.swift in Sources */,
				AB43D1EE2D59096F003D39E3 /* TabBarView.swift in Sources */,
				AB43D1EF2D59096F003D39E3 /* TranslatorView.swift in Sources */,
				AB4AB5CE2D5D08DB0050B398 /* RecordingViewModel.swift in Sources */,
				AB43D1F02D59096F003D39E3 /* TranslatorTestApp.swift in Sources */,
			);
			runOnlyForDeploymentPostprocessing = 0;
		};
/* End PBXSourcesBuildPhase section */

/* Begin XCBuildConfiguration section */
		ABB912172D5617150004C0C4 /* Debug */ = {
			isa = XCBuildConfiguration;
			buildSettings = {
				ALWAYS_SEARCH_USER_PATHS = NO;
				ASSETCATALOG_COMPILER_GENERATE_SWIFT_ASSET_SYMBOL_EXTENSIONS = YES;
				CLANG_ANALYZER_NONNULL = YES;
				CLANG_ANALYZER_NUMBER_OBJECT_CONVERSION = YES_AGGRESSIVE;
				CLANG_CXX_LANGUAGE_STANDARD = "gnu++20";
				CLANG_ENABLE_MODULES = YES;
				CLANG_ENABLE_OBJC_ARC = YES;
				CLANG_ENABLE_OBJC_WEAK = YES;
				CLANG_WARN_BLOCK_CAPTURE_AUTORELEASING = YES;
				CLANG_WARN_BOOL_CONVERSION = YES;
				CLANG_WARN_COMMA = YES;
				CLANG_WARN_CONSTANT_CONVERSION = YES;
				CLANG_WARN_DEPRECATED_OBJC_IMPLEMENTATIONS = YES;
				CLANG_WARN_DIRECT_OBJC_ISA_USAGE = YES_ERROR;
				CLANG_WARN_DOCUMENTATION_COMMENTS = YES;
				CLANG_WARN_EMPTY_BODY = YES;
				CLANG_WARN_ENUM_CONVERSION = YES;
				CLANG_WARN_INFINITE_RECURSION = YES;
				CLANG_WARN_INT_CONVERSION = YES;
				CLANG_WARN_NON_LITERAL_NULL_CONVERSION = YES;
				CLANG_WARN_OBJC_IMPLICIT_RETAIN_SELF = YES;
				CLANG_WARN_OBJC_LITERAL_CONVERSION = YES;
				CLANG_WARN_OBJC_ROOT_CLASS = YES_ERROR;
				CLANG_WARN_QUOTED_INCLUDE_IN_FRAMEWORK_HEADER = YES;
				CLANG_WARN_RANGE_LOOP_ANALYSIS = YES;
				CLANG_WARN_STRICT_PROTOTYPES = YES;
				CLANG_WARN_SUSPICIOUS_MOVE = YES;
				CLANG_WARN_UNGUARDED_AVAILABILITY = YES_AGGRESSIVE;
				CLANG_WARN_UNREACHABLE_CODE = YES;
				CLANG_WARN__DUPLICATE_METHOD_MATCH = YES;
				COPY_PHASE_STRIP = NO;
				DEBUG_INFORMATION_FORMAT = dwarf;
				ENABLE_STRICT_OBJC_MSGSEND = YES;
				ENABLE_TESTABILITY = YES;
				ENABLE_USER_SCRIPT_SANDBOXING = YES;
				GCC_C_LANGUAGE_STANDARD = gnu17;
				GCC_DYNAMIC_NO_PIC = NO;
				GCC_NO_COMMON_BLOCKS = YES;
				GCC_OPTIMIZATION_LEVEL = 0;
				GCC_PREPROCESSOR_DEFINITIONS = (
					"DEBUG=1",
					"$(inherited)",
				);
				GCC_WARN_64_TO_32_BIT_CONVERSION = YES;
				GCC_WARN_ABOUT_RETURN_TYPE = YES_ERROR;
				GCC_WARN_UNDECLARED_SELECTOR = YES;
				GCC_WARN_UNINITIALIZED_AUTOS = YES_AGGRESSIVE;
				GCC_WARN_UNUSED_FUNCTION = YES;
				GCC_WARN_UNUSED_VARIABLE = YES;
				LOCALIZATION_PREFERS_STRING_CATALOGS = YES;
				MTL_ENABLE_DEBUG_INFO = INCLUDE_SOURCE;
				MTL_FAST_MATH = YES;
				ONLY_ACTIVE_ARCH = YES;
				SWIFT_ACTIVE_COMPILATION_CONDITIONS = "DEBUG $(inherited)";
				SWIFT_OPTIMIZATION_LEVEL = "-Onone";
			};
			name = Debug;
		};
		ABB912182D5617150004C0C4 /* Release */ = {
			isa = XCBuildConfiguration;
			buildSettings = {
				ALWAYS_SEARCH_USER_PATHS = NO;
				ASSETCATALOG_COMPILER_GENERATE_SWIFT_ASSET_SYMBOL_EXTENSIONS = YES;
				CLANG_ANALYZER_NONNULL = YES;
				CLANG_ANALYZER_NUMBER_OBJECT_CONVERSION = YES_AGGRESSIVE;
				CLANG_CXX_LANGUAGE_STANDARD = "gnu++20";
				CLANG_ENABLE_MODULES = YES;
				CLANG_ENABLE_OBJC_ARC = YES;
				CLANG_ENABLE_OBJC_WEAK = YES;
				CLANG_WARN_BLOCK_CAPTURE_AUTORELEASING = YES;
				CLANG_WARN_BOOL_CONVERSION = YES;
				CLANG_WARN_COMMA = YES;
				CLANG_WARN_CONSTANT_CONVERSION = YES;
				CLANG_WARN_DEPRECATED_OBJC_IMPLEMENTATIONS = YES;
				CLANG_WARN_DIRECT_OBJC_ISA_USAGE = YES_ERROR;
				CLANG_WARN_DOCUMENTATION_COMMENTS = YES;
				CLANG_WARN_EMPTY_BODY = YES;
				CLANG_WARN_ENUM_CONVERSION = YES;
				CLANG_WARN_INFINITE_RECURSION = YES;
				CLANG_WARN_INT_CONVERSION = YES;
				CLANG_WARN_NON_LITERAL_NULL_CONVERSION = YES;
				CLANG_WARN_OBJC_IMPLICIT_RETAIN_SELF = YES;
				CLANG_WARN_OBJC_LITERAL_CONVERSION = YES;
				CLANG_WARN_OBJC_ROOT_CLASS = YES_ERROR;
				CLANG_WARN_QUOTED_INCLUDE_IN_FRAMEWORK_HEADER = YES;
				CLANG_WARN_RANGE_LOOP_ANALYSIS = YES;
				CLANG_WARN_STRICT_PROTOTYPES = YES;
				CLANG_WARN_SUSPICIOUS_MOVE = YES;
				CLANG_WARN_UNGUARDED_AVAILABILITY = YES_AGGRESSIVE;
				CLANG_WARN_UNREACHABLE_CODE = YES;
				CLANG_WARN__DUPLICATE_METHOD_MATCH = YES;
				COPY_PHASE_STRIP = NO;
				DEBUG_INFORMATION_FORMAT = "dwarf-with-dsym";
				ENABLE_NS_ASSERTIONS = NO;
				ENABLE_STRICT_OBJC_MSGSEND = YES;
				ENABLE_USER_SCRIPT_SANDBOXING = YES;
				GCC_C_LANGUAGE_STANDARD = gnu17;
				GCC_NO_COMMON_BLOCKS = YES;
				GCC_WARN_64_TO_32_BIT_CONVERSION = YES;
				GCC_WARN_ABOUT_RETURN_TYPE = YES_ERROR;
				GCC_WARN_UNDECLARED_SELECTOR = YES;
				GCC_WARN_UNINITIALIZED_AUTOS = YES_AGGRESSIVE;
				GCC_WARN_UNUSED_FUNCTION = YES;
				GCC_WARN_UNUSED_VARIABLE = YES;
				LOCALIZATION_PREFERS_STRING_CATALOGS = YES;
				MTL_ENABLE_DEBUG_INFO = NO;
				MTL_FAST_MATH = YES;
				SWIFT_COMPILATION_MODE = wholemodule;
			};
			name = Release;
		};
		ABB9121A2D5617150004C0C4 /* Debug */ = {
			isa = XCBuildConfiguration;
			buildSettings = {
				ASSETCATALOG_COMPILER_APPICON_NAME = AppIcon;
				ASSETCATALOG_COMPILER_GLOBAL_ACCENT_COLOR_NAME = AccentColor;
				CODE_SIGN_ENTITLEMENTS = TranslatorTest/TranslatorTest.entitlements;
				CODE_SIGN_STYLE = Automatic;
				CURRENT_PROJECT_VERSION = 1;
				DEVELOPMENT_ASSET_PATHS = "\"TranslatorTest/PreviewContent\"";
				DEVELOPMENT_TEAM = 7AVWTU2KYN;
				ENABLE_HARDENED_RUNTIME = YES;
				ENABLE_PREVIEWS = YES;
				GENERATE_INFOPLIST_FILE = YES;
				INFOPLIST_FILE = TranslatorTest/Info.plist;
				"INFOPLIST_KEY_UIApplicationSceneManifest_Generation[sdk=iphoneos*]" = YES;
				"INFOPLIST_KEY_UIApplicationSceneManifest_Generation[sdk=iphonesimulator*]" = YES;
				"INFOPLIST_KEY_UIApplicationSupportsIndirectInputEvents[sdk=iphoneos*]" = YES;
				"INFOPLIST_KEY_UIApplicationSupportsIndirectInputEvents[sdk=iphonesimulator*]" = YES;
				"INFOPLIST_KEY_UILaunchScreen_Generation[sdk=iphoneos*]" = YES;
				"INFOPLIST_KEY_UILaunchScreen_Generation[sdk=iphonesimulator*]" = YES;
				"INFOPLIST_KEY_UIStatusBarStyle[sdk=iphoneos*]" = UIStatusBarStyleDefault;
				"INFOPLIST_KEY_UIStatusBarStyle[sdk=iphonesimulator*]" = UIStatusBarStyleDefault;
				INFOPLIST_KEY_UISupportedInterfaceOrientations = UIInterfaceOrientationPortrait;
				INFOPLIST_KEY_UISupportedInterfaceOrientations_iPad = "UIInterfaceOrientationLandscapeLeft UIInterfaceOrientationLandscapeRight UIInterfaceOrientationPortrait UIInterfaceOrientationPortraitUpsideDown";
				IPHONEOS_DEPLOYMENT_TARGET = 16.6;
				LD_RUNPATH_SEARCH_PATHS = "@executable_path/Frameworks";
				"LD_RUNPATH_SEARCH_PATHS[sdk=macosx*]" = "@executable_path/../Frameworks";
				MACOSX_DEPLOYMENT_TARGET = 15.2;
				MARKETING_VERSION = 1.0;
				PRODUCT_BUNDLE_IDENTIFIER = qq.TranslatorTest;
				PRODUCT_NAME = "$(TARGET_NAME)";
				SDKROOT = auto;
				SUPPORTED_PLATFORMS = "iphoneos iphonesimulator";
				SUPPORTS_MACCATALYST = NO;
				SWIFT_EMIT_LOC_STRINGS = YES;
				SWIFT_VERSION = 5.0;
				TARGETED_DEVICE_FAMILY = 1;
				XROS_DEPLOYMENT_TARGET = 2.2;
			};
			name = Debug;
		};
		ABB9121B2D5617150004C0C4 /* Release */ = {
			isa = XCBuildConfiguration;
			buildSettings = {
				ASSETCATALOG_COMPILER_APPICON_NAME = AppIcon;
				ASSETCATALOG_COMPILER_GLOBAL_ACCENT_COLOR_NAME = AccentColor;
				CODE_SIGN_ENTITLEMENTS = TranslatorTest/TranslatorTest.entitlements;
				CODE_SIGN_STYLE = Automatic;
				CURRENT_PROJECT_VERSION = 1;
				DEVELOPMENT_ASSET_PATHS = "\"TranslatorTest/PreviewContent\"";
				DEVELOPMENT_TEAM = 7AVWTU2KYN;
				ENABLE_HARDENED_RUNTIME = YES;
				ENABLE_PREVIEWS = YES;
				GENERATE_INFOPLIST_FILE = YES;
				INFOPLIST_FILE = TranslatorTest/Info.plist;
				"INFOPLIST_KEY_UIApplicationSceneManifest_Generation[sdk=iphoneos*]" = YES;
				"INFOPLIST_KEY_UIApplicationSceneManifest_Generation[sdk=iphonesimulator*]" = YES;
				"INFOPLIST_KEY_UIApplicationSupportsIndirectInputEvents[sdk=iphoneos*]" = YES;
				"INFOPLIST_KEY_UIApplicationSupportsIndirectInputEvents[sdk=iphonesimulator*]" = YES;
				"INFOPLIST_KEY_UILaunchScreen_Generation[sdk=iphoneos*]" = YES;
				"INFOPLIST_KEY_UILaunchScreen_Generation[sdk=iphonesimulator*]" = YES;
				"INFOPLIST_KEY_UIStatusBarStyle[sdk=iphoneos*]" = UIStatusBarStyleDefault;
				"INFOPLIST_KEY_UIStatusBarStyle[sdk=iphonesimulator*]" = UIStatusBarStyleDefault;
				INFOPLIST_KEY_UISupportedInterfaceOrientations = UIInterfaceOrientationPortrait;
				INFOPLIST_KEY_UISupportedInterfaceOrientations_iPad = "UIInterfaceOrientationLandscapeLeft UIInterfaceOrientationLandscapeRight UIInterfaceOrientationPortrait UIInterfaceOrientationPortraitUpsideDown";
				IPHONEOS_DEPLOYMENT_TARGET = 16.6;
				LD_RUNPATH_SEARCH_PATHS = "@executable_path/Frameworks";
				"LD_RUNPATH_SEARCH_PATHS[sdk=macosx*]" = "@executable_path/../Frameworks";
				MACOSX_DEPLOYMENT_TARGET = 15.2;
				MARKETING_VERSION = 1.0;
				PRODUCT_BUNDLE_IDENTIFIER = qq.TranslatorTest;
				PRODUCT_NAME = "$(TARGET_NAME)";
				SDKROOT = auto;
				SUPPORTED_PLATFORMS = "iphoneos iphonesimulator";
				SUPPORTS_MACCATALYST = NO;
				SWIFT_EMIT_LOC_STRINGS = YES;
				SWIFT_VERSION = 5.0;
				TARGETED_DEVICE_FAMILY = 1;
				XROS_DEPLOYMENT_TARGET = 2.2;
			};
			name = Release;
		};
/* End XCBuildConfiguration section */

/* Begin XCConfigurationList section */
		ABB912052D5617130004C0C4 /* Build configuration list for PBXProject "TranslatorTest" */ = {
			isa = XCConfigurationList;
			buildConfigurations = (
				ABB912172D5617150004C0C4 /* Debug */,
				ABB912182D5617150004C0C4 /* Release */,
			);
			defaultConfigurationIsVisible = 0;
			defaultConfigurationName = Release;
		};
		ABB912192D5617150004C0C4 /* Build configuration list for PBXNativeTarget "TranslatorTest" */ = {
			isa = XCConfigurationList;
			buildConfigurations = (
				ABB9121A2D5617150004C0C4 /* Debug */,
				ABB9121B2D5617150004C0C4 /* Release */,
			);
			defaultConfigurationIsVisible = 0;
			defaultConfigurationName = Release;
		};
/* End XCConfigurationList section */

/* Begin XCRemoteSwiftPackageReference section */
		AB0D333C2D57747E008AA9B4 /* XCRemoteSwiftPackageReference "SDWebImageSwiftUI" */ = {
			isa = XCRemoteSwiftPackageReference;
			repositoryURL = "https://github.com/SDWebImage/SDWebImageSwiftUI";
			requirement = {
				kind = upToNextMajorVersion;
				minimumVersion = 3.1.3;
			};
		};
/* End XCRemoteSwiftPackageReference section */

/* Begin XCSwiftPackageProductDependency section */
		AB0D333D2D57747E008AA9B4 /* SDWebImageSwiftUI */ = {
			isa = XCSwiftPackageProductDependency;
			package = AB0D333C2D57747E008AA9B4 /* XCRemoteSwiftPackageReference "SDWebImageSwiftUI" */;
			productName = SDWebImageSwiftUI;
		};
/* End XCSwiftPackageProductDependency section */
	};
	rootObject = ABB912022D5617130004C0C4 /* Project object */;
}
